
Microsoft Visual Studio Solution File, Format Version 12.00
# Visual Studio 15
VisualStudioVersion = 15.0.27428.2015
MinimumVisualStudioVersion = 10.0.40219.1
Project("{FAE04EC0-301F-11D3-BF4B-00C04F79EFBC}") = "NMS", "NMS\NMS.csproj", "{132C8AA6-520B-4098-B42B-38F60D82030A}"
EndProject
Project("{FAE04EC0-301F-11D3-BF4B-00C04F79EFBC}") = "NMS.Tests", "NMS.Tests\NMS.Tests.csproj", "{89619C1E-DB6F-4D24-9D4C-E3DA53FE258F}"
EndProject
Global
	GlobalSection(SolutionConfigurationPlatforms) = preSolution
		Debug|Any CPU = Debug|Any CPU
		Release|Any CPU = Release|Any CPU
	EndGlobalSection
	GlobalSection(ProjectConfigurationPlatforms) = postSolution
		{132C8AA6-520B-4098-B42B-38F60D82030A}.Debug|Any CPU.ActiveCfg = Debug|Any CPU
		{132C8AA6-520B-4098-B42B-38F60D82030A}.Debug|Any CPU.Build.0 = Debug|Any CPU
		{132C8AA6-520B-4098-B42B-38F60D82030A}.Release|Any CPU.ActiveCfg = Release|Any CPU
		{132C8AA6-520B-4098-B42B-38F60D82030A}.Release|Any CPU.Build.0 = Release|Any CPU
		{89619C1E-DB6F-4D24-9D4C-E3DA53FE258F}.Debug|Any CPU.ActiveCfg = Debug|Any CPU
		{89619C1E-DB6F-4D24-9D4C-E3DA53FE258F}.Debug|Any CPU.Build.0 = Debug|Any CPU
		{89619C1E-DB6F-4D24-9D4C-E3DA53FE258F}.Release|Any CPU.ActiveCfg = Release|Any CPU
		{89619C1E-DB6F-4D24-9D4C-E3DA53FE258F}.Release|Any CPU.Build.0 = Release|Any CPU
	EndGlobalSection
	GlobalSection(SolutionProperties) = preSolution
		HideSolutionNode = FALSE
	EndGlobalSection
	GlobalSection(ExtensibilityGlobals) = postSolution
		SolutionGuid = {BDFD1725-221A-466D-AD54-01F1068C2AAC}
	EndGlobalSection
EndGlobal
